
Microsoft Visual Studio Solution File, Format Version 12.00
# Visual Studio 14
VisualStudioVersion = 14.0.25420.1
MinimumVisualStudioVersion = 10.0.40219.1
Project("{FAE04EC0-301F-11D3-BF4B-00C04F79EFBC}") = "WcfServiceCustom", "WcfServiceCustom\WcfServiceCustom.csproj", "{0401FFF2-0580-4264-8B0B-7599F9CFC952}"
EndProject
Project("{FAE04EC0-301F-11D3-BF4B-00C04F79EFBC}") = "TestWebServiceApplication", "TestWebServiceApplication\TestWebServiceApplication.csproj", "{515A6DEF-EBDD-49AF-ABFF-1A907AC51333}"
EndProject
Project("{FAE04EC0-301F-11D3-BF4B-00C04F79EFBC}") = "TP1_UC3_2022_v2", "TP1_UC3_2022_v2\TP1_UC3_2022_v2.btproj", "{1F0BD997-8248-4004-B261-E92981989C48}"
EndProject
Global
	GlobalSection(SolutionConfigurationPlatforms) = preSolution
		Debug|Any CPU = Debug|Any CPU
		Release|Any CPU = Release|Any CPU
	EndGlobalSection
	GlobalSection(ProjectConfigurationPlatforms) = postSolution
		{0401FFF2-0580-4264-8B0B-7599F9CFC952}.Debug|Any CPU.ActiveCfg = Debug|Any CPU
		{0401FFF2-0580-4264-8B0B-7599F9CFC952}.Debug|Any CPU.Build.0 = Debug|Any CPU
		{0401FFF2-0580-4264-8B0B-7599F9CFC952}.Release|Any CPU.ActiveCfg = Release|Any CPU
		{0401FFF2-0580-4264-8B0B-7599F9CFC952}.Release|Any CPU.Build.0 = Release|Any CPU
		{515A6DEF-EBDD-49AF-ABFF-1A907AC51333}.Debug|Any CPU.ActiveCfg = Debug|Any CPU
		{515A6DEF-EBDD-49AF-ABFF-1A907AC51333}.Debug|Any CPU.Build.0 = Debug|Any CPU
		{515A6DEF-EBDD-49AF-ABFF-1A907AC51333}.Release|Any CPU.ActiveCfg = Release|Any CPU
		{515A6DEF-EBDD-49AF-ABFF-1A907AC51333}.Release|Any CPU.Build.0 = Release|Any CPU
		{1F0BD997-8248-4004-B261-E92981989C48}.Debug|Any CPU.ActiveCfg = Debug|Any CPU
		{1F0BD997-8248-4004-B261-E92981989C48}.Debug|Any CPU.Build.0 = Debug|Any CPU
		{1F0BD997-8248-4004-B261-E92981989C48}.Debug|Any CPU.Deploy.0 = Debug|Any CPU
		{1F0BD997-8248-4004-B261-E92981989C48}.Release|Any CPU.ActiveCfg = Release|Any CPU
		{1F0BD997-8248-4004-B261-E92981989C48}.Release|Any CPU.Build.0 = Release|Any CPU
		{1F0BD997-8248-4004-B261-E92981989C48}.Release|Any CPU.Deploy.0 = Release|Any CPU
	EndGlobalSection
	GlobalSection(SolutionProperties) = preSolution
		HideSolutionNode = FALSE
	EndGlobalSection
EndGlobal
